// !$*UTF8*$!
{
	archiveVersion = 1;
	classes = {
	};
	objectVersion = 50;
	objects = {

/* Begin PBXBuildFile section */
		B8446B8025DB21FE00E075A5 /* nelson.xcdatamodeld in Sources */ = {isa = PBXBuildFile; fileRef = B8446B6A25DB21FC00E075A5 /* nelson.xcdatamodeld */; };
		B8446B8125DB21FE00E075A5 /* nelson.xcdatamodeld in Sources */ = {isa = PBXBuildFile; fileRef = B8446B6A25DB21FC00E075A5 /* nelson.xcdatamodeld */; };
		B8446B8225DB21FE00E075A5 /* nelsonApp.swift in Sources */ = {isa = PBXBuildFile; fileRef = B8446B6C25DB21FC00E075A5 /* nelsonApp.swift */; };
		B8446B8325DB21FE00E075A5 /* nelsonApp.swift in Sources */ = {isa = PBXBuildFile; fileRef = B8446B6C25DB21FC00E075A5 /* nelsonApp.swift */; };
		B8446B8425DB21FE00E075A5 /* ContentView.swift in Sources */ = {isa = PBXBuildFile; fileRef = B8446B6D25DB21FC00E075A5 /* ContentView.swift */; };
		B8446B8525DB21FE00E075A5 /* ContentView.swift in Sources */ = {isa = PBXBuildFile; fileRef = B8446B6D25DB21FC00E075A5 /* ContentView.swift */; };
		B8446B8625DB21FE00E075A5 /* Persistence.swift in Sources */ = {isa = PBXBuildFile; fileRef = B8446B6E25DB21FC00E075A5 /* Persistence.swift */; };
		B8446B8725DB21FE00E075A5 /* Persistence.swift in Sources */ = {isa = PBXBuildFile; fileRef = B8446B6E25DB21FC00E075A5 /* Persistence.swift */; };
		B8446B8825DB21FE00E075A5 /* Assets.xcassets in Resources */ = {isa = PBXBuildFile; fileRef = B8446B6F25DB21FE00E075A5 /* Assets.xcassets */; };
		B8446B8925DB21FE00E075A5 /* Assets.xcassets in Resources */ = {isa = PBXBuildFile; fileRef = B8446B6F25DB21FE00E075A5 /* Assets.xcassets */; };
/* End PBXBuildFile section */

/* Begin PBXFileReference section */
		B8446B6B25DB21FC00E075A5 /* Shared.xcdatamodel */ = {isa = PBXFileReference; lastKnownFileType = wrapper.xcdatamodel; path = Shared.xcdatamodel; sourceTree = "<group>"; };
		B8446B6C25DB21FC00E075A5 /* nelsonApp.swift */ = {isa = PBXFileReference; lastKnownFileType = sourcecode.swift; path = nelsonApp.swift; sourceTree = "<group>"; };
		B8446B6D25DB21FC00E075A5 /* ContentView.swift */ = {isa = PBXFileReference; lastKnownFileType = sourcecode.swift; path = ContentView.swift; sourceTree = "<group>"; };
		B8446B6E25DB21FC00E075A5 /* Persistence.swift */ = {isa = PBXFileReference; lastKnownFileType = sourcecode.swift; path = Persistence.swift; sourceTree = "<group>"; };
		B8446B6F25DB21FE00E075A5 /* Assets.xcassets */ = {isa = PBXFileReference; lastKnownFileType = folder.assetcatalog; path = Assets.xcassets; sourceTree = "<group>"; };
		B8446B7425DB21FE00E075A5 /* nelson.app */ = {isa = PBXFileReference; explicitFileType = wrapper.application; includeInIndex = 0; path = nelson.app; sourceTree = BUILT_PRODUCTS_DIR; };
		B8446B7725DB21FE00E075A5 /* Info.plist */ = {isa = PBXFileReference; lastKnownFileType = text.plist.xml; path = Info.plist; sourceTree = "<group>"; };
		B8446B7C25DB21FE00E075A5 /* nelson.app */ = {isa = PBXFileReference; explicitFileType = wrapper.application; includeInIndex = 0; path = nelson.app; sourceTree = BUILT_PRODUCTS_DIR; };
		B8446B7E25DB21FE00E075A5 /* Info.plist */ = {isa = PBXFileReference; lastKnownFileType = text.plist.xml; path = Info.plist; sourceTree = "<group>"; };
		B8446B7F25DB21FE00E075A5 /* macOS.entitlements */ = {isa = PBXFileReference; lastKnownFileType = text.plist.entitlements; path = macOS.entitlements; sourceTree = "<group>"; };
/* End PBXFileReference section */

/* Begin PBXFrameworksBuildPhase section */
		B8446B7125DB21FE00E075A5 /* Frameworks */ = {
			isa = PBXFrameworksBuildPhase;
			buildActionMask = 2147483647;
			files = (
			);
			runOnlyForDeploymentPostprocessing = 0;
		};
		B8446B7925DB21FE00E075A5 /* Frameworks */ = {
			isa = PBXFrameworksBuildPhase;
			buildActionMask = 2147483647;
			files = (
			);
			runOnlyForDeploymentPostprocessing = 0;
		};
/* End PBXFrameworksBuildPhase section */

/* Begin PBXGroup section */
		B8446B6425DB21FC00E075A5 = {
			isa = PBXGroup;
			children = (
				B8446B6925DB21FC00E075A5 /* Shared */,
				B8446B7625DB21FE00E075A5 /* iOS */,
				B8446B7D25DB21FE00E075A5 /* macOS */,
				B8446B7525DB21FE00E075A5 /* Products */,
			);
			sourceTree = "<group>";
		};
		B8446B6925DB21FC00E075A5 /* Shared */ = {
			isa = PBXGroup;
			children = (
				B8446B6C25DB21FC00E075A5 /* nelsonApp.swift */,
				B8446B6D25DB21FC00E075A5 /* ContentView.swift */,
				B8446B6E25DB21FC00E075A5 /* Persistence.swift */,
				B8446B6F25DB21FE00E075A5 /* Assets.xcassets */,
				B8446B6A25DB21FC00E075A5 /* nelson.xcdatamodeld */,
			);
			path = Shared;
			sourceTree = "<group>";
		};
		B8446B7525DB21FE00E075A5 /* Products */ = {
			isa = PBXGroup;
			children = (
				B8446B7425DB21FE00E075A5 /* nelson.app */,
				B8446B7C25DB21FE00E075A5 /* nelson.app */,
			);
			name = Products;
			sourceTree = "<group>";
		};
		B8446B7625DB21FE00E075A5 /* iOS */ = {
			isa = PBXGroup;
			children = (
				B8446B7725DB21FE00E075A5 /* Info.plist */,
			);
			path = iOS;
			sourceTree = "<group>";
		};
		B8446B7D25DB21FE00E075A5 /* macOS */ = {
			isa = PBXGroup;
			children = (
				B8446B7E25DB21FE00E075A5 /* Info.plist */,
				B8446B7F25DB21FE00E075A5 /* macOS.entitlements */,
			);
			path = macOS;
			sourceTree = "<group>";
		};
/* End PBXGroup section */

/* Begin PBXNativeTarget section */
		B8446B7325DB21FE00E075A5 /* nelson (iOS) */ = {
			isa = PBXNativeTarget;
			buildConfigurationList = B8446B8C25DB21FE00E075A5 /* Build configuration list for PBXNativeTarget "nelson (iOS)" */;
			buildPhases = (
				B8446B7025DB21FE00E075A5 /* Sources */,
				B8446B7125DB21FE00E075A5 /* Frameworks */,
				B8446B7225DB21FE00E075A5 /* Resources */,
			);
			buildRules = (
			);
			dependencies = (
			);
			name = "nelson (iOS)";
			productName = "nelson (iOS)";
			productReference = B8446B7425DB21FE00E075A5 /* nelson.app */;
			productType = "com.apple.product-type.application";
		};
		B8446B7B25DB21FE00E075A5 /* nelson (macOS) */ = {
			isa = PBXNativeTarget;
			buildConfigurationList = B8446B8F25DB21FE00E075A5 /* Build configuration list for PBXNativeTarget "nelson (macOS)" */;
			buildPhases = (
				B8446B7825DB21FE00E075A5 /* Sources */,
				B8446B7925DB21FE00E075A5 /* Frameworks */,
				B8446B7A25DB21FE00E075A5 /* Resources */,
			);
			buildRules = (
			);
			dependencies = (
			);
			name = "nelson (macOS)";
			productName = "nelson (macOS)";
			productReference = B8446B7C25DB21FE00E075A5 /* nelson.app */;
			productType = "com.apple.product-type.application";
		};
/* End PBXNativeTarget section */

/* Begin PBXProject section */
		B8446B6525DB21FC00E075A5 /* Project object */ = {
			isa = PBXProject;
			attributes = {
				LastSwiftUpdateCheck = 1240;
				LastUpgradeCheck = 1240;
				TargetAttributes = {
					B8446B7325DB21FE00E075A5 = {
						CreatedOnToolsVersion = 12.4;
					};
					B8446B7B25DB21FE00E075A5 = {
						CreatedOnToolsVersion = 12.4;
					};
				};
			};
			buildConfigurationList = B8446B6825DB21FC00E075A5 /* Build configuration list for PBXProject "nelson" */;
			compatibilityVersion = "Xcode 9.3";
			developmentRegion = en;
			hasScannedForEncodings = 0;
			knownRegions = (
				en,
				Base,
			);
			mainGroup = B8446B6425DB21FC00E075A5;
			productRefGroup = B8446B7525DB21FE00E075A5 /* Products */;
			projectDirPath = "";
			projectRoot = "";
			targets = (
				B8446B7325DB21FE00E075A5 /* nelson (iOS) */,
				B8446B7B25DB21FE00E075A5 /* nelson (macOS) */,
			);
		};
/* End PBXProject section */

/* Begin PBXResourcesBuildPhase section */
		B8446B7225DB21FE00E075A5 /* Resources */ = {
			isa = PBXResourcesBuildPhase;
			buildActionMask = 2147483647;
			files = (
				B8446B8825DB21FE00E075A5 /* Assets.xcassets in Resources */,
			);
			runOnlyForDeploymentPostprocessing = 0;
		};
		B8446B7A25DB21FE00E075A5 /* Resources */ = {
			isa = PBXResourcesBuildPhase;
			buildActionMask = 2147483647;
			files = (
				B8446B8925DB21FE00E075A5 /* Assets.xcassets in Resources */,
			);
			runOnlyForDeploymentPostprocessing = 0;
		};
/* End PBXResourcesBuildPhase section */

/* Begin PBXSourcesBuildPhase section */
		B8446B7025DB21FE00E075A5 /* Sources */ = {
			isa = PBXSourcesBuildPhase;
			buildActionMask = 2147483647;
			files = (
				B8446B8225DB21FE00E075A5 /* nelsonApp.swift in Sources */,
				B8446B8625DB21FE00E075A5 /* Persistence.swift in Sources */,
				B8446B8025DB21FE00E075A5 /* nelson.xcdatamodeld in Sources */,
				B8446B8425DB21FE00E075A5 /* ContentView.swift in Sources */,
			);
			runOnlyForDeploymentPostprocessing = 0;
		};
		B8446B7825DB21FE00E075A5 /* Sources */ = {
			isa = PBXSourcesBuildPhase;
			buildActionMask = 2147483647;
			files = (
				B8446B8325DB21FE00E075A5 /* nelsonApp.swift in Sources */,
				B8446B8725DB21FE00E075A5 /* Persistence.swift in Sources */,
				B8446B8125DB21FE00E075A5 /* nelson.xcdatamodeld in Sources */,
				B8446B8525DB21FE00E075A5 /* ContentView.swift in Sources */,
			);
			runOnlyForDeploymentPostprocessing = 0;
		};
/* End PBXSourcesBuildPhase section */

/* Begin XCBuildConfiguration section */
		B8446B8A25DB21FE00E075A5 /* Debug */ = {
			isa = XCBuildConfiguration;
			buildSettings = {
				ALWAYS_SEARCH_USER_PATHS = NO;
				CLANG_ANALYZER_NONNULL = YES;
				CLANG_ANALYZER_NUMBER_OBJECT_CONVERSION = YES_AGGRESSIVE;
				CLANG_CXX_LANGUAGE_STANDARD = "gnu++14";
				CLANG_CXX_LIBRARY = "libc++";
				CLANG_ENABLE_MODULES = YES;
				CLANG_ENABLE_OBJC_ARC = YES;
				CLANG_ENABLE_OBJC_WEAK = YES;
				CLANG_WARN_BLOCK_CAPTURE_AUTORELEASING = YES;
				CLANG_WARN_BOOL_CONVERSION = YES;
				CLANG_WARN_COMMA = YES;
				CLANG_WARN_CONSTANT_CONVERSION = YES;
				CLANG_WARN_DEPRECATED_OBJC_IMPLEMENTATIONS = YES;
				CLANG_WARN_DIRECT_OBJC_ISA_USAGE = YES_ERROR;
				CLANG_WARN_DOCUMENTATION_COMMENTS = YES;
				CLANG_WARN_EMPTY_BODY = YES;
				CLANG_WARN_ENUM_CONVERSION = YES;
				CLANG_WARN_INFINITE_RECURSION = YES;
				CLANG_WARN_INT_CONVERSION = YES;
				CLANG_WARN_NON_LITERAL_NULL_CONVERSION = YES;
				CLANG_WARN_OBJC_IMPLICIT_RETAIN_SELF = YES;
				CLANG_WARN_OBJC_LITERAL_CONVERSION = YES;
				CLANG_WARN_OBJC_ROOT_CLASS = YES_ERROR;
				CLANG_WARN_QUOTED_INCLUDE_IN_FRAMEWORK_HEADER = YES;
				CLANG_WARN_RANGE_LOOP_ANALYSIS = YES;
				CLANG_WARN_STRICT_PROTOTYPES = YES;
				CLANG_WARN_SUSPICIOUS_MOVE = YES;
				CLANG_WARN_UNGUARDED_AVAILABILITY = YES_AGGRESSIVE;
				CLANG_WARN_UNREACHABLE_CODE = YES;
				CLANG_WARN__DUPLICATE_METHOD_MATCH = YES;
				COPY_PHASE_STRIP = NO;
				DEBUG_INFORMATION_FORMAT = dwarf;
				ENABLE_STRICT_OBJC_MSGSEND = YES;
				ENABLE_TESTABILITY = YES;
				GCC_C_LANGUAGE_STANDARD = gnu11;
				GCC_DYNAMIC_NO_PIC = NO;
				GCC_NO_COMMON_BLOCKS = YES;
				GCC_OPTIMIZATION_LEVEL = 0;
				GCC_PREPROCESSOR_DEFINITIONS = (
					"DEBUG=1",
					"$(inherited)",
				);
				GCC_WARN_64_TO_32_BIT_CONVERSION = YES;
				GCC_WARN_ABOUT_RETURN_TYPE = YES_ERROR;
				GCC_WARN_UNDECLARED_SELECTOR = YES;
				GCC_WARN_UNINITIALIZED_AUTOS = YES_AGGRESSIVE;
				GCC_WARN_UNUSED_FUNCTION = YES;
				GCC_WARN_UNUSED_VARIABLE = YES;
				MTL_ENABLE_DEBUG_INFO = INCLUDE_SOURCE;
				MTL_FAST_MATH = YES;
				ONLY_ACTIVE_ARCH = YES;
				SWIFT_ACTIVE_COMPILATION_CONDITIONS = DEBUG;
				SWIFT_OPTIMIZATION_LEVEL = "-Onone";
			};
			name = Debug;
		};
		B8446B8B25DB21FE00E075A5 /* Release */ = {
			isa = XCBuildConfiguration;
			buildSettings = {
				ALWAYS_SEARCH_USER_PATHS = NO;
				CLANG_ANALYZER_NONNULL = YES;
				CLANG_ANALYZER_NUMBER_OBJECT_CONVERSION = YES_AGGRESSIVE;
				CLANG_CXX_LANGUAGE_STANDARD = "gnu++14";
				CLANG_CXX_LIBRARY = "libc++";
				CLANG_ENABLE_MODULES = YES;
				CLANG_ENABLE_OBJC_ARC = YES;
				CLANG_ENABLE_OBJC_WEAK = YES;
				CLANG_WARN_BLOCK_CAPTURE_AUTORELEASING = YES;
				CLANG_WARN_BOOL_CONVERSION = YES;
				CLANG_WARN_COMMA = YES;
				CLANG_WARN_CONSTANT_CONVERSION = YES;
				CLANG_WARN_DEPRECATED_OBJC_IMPLEMENTATIONS = YES;
				CLANG_WARN_DIRECT_OBJC_ISA_USAGE = YES_ERROR;
				CLANG_WARN_DOCUMENTATION_COMMENTS = YES;
				CLANG_WARN_EMPTY_BODY = YES;
				CLANG_WARN_ENUM_CONVERSION = YES;
				CLANG_WARN_INFINITE_RECURSION = YES;
				CLANG_WARN_INT_CONVERSION = YES;
				CLANG_WARN_NON_LITERAL_NULL_CONVERSION = YES;
				CLANG_WARN_OBJC_IMPLICIT_RETAIN_SELF = YES;
				CLANG_WARN_OBJC_LITERAL_CONVERSION = YES;
				CLANG_WARN_OBJC_ROOT_CLASS = YES_ERROR;
				CLANG_WARN_QUOTED_INCLUDE_IN_FRAMEWORK_HEADER = YES;
				CLANG_WARN_RANGE_LOOP_ANALYSIS = YES;
				CLANG_WARN_STRICT_PROTOTYPES = YES;
				CLANG_WARN_SUSPICIOUS_MOVE = YES;
				CLANG_WARN_UNGUARDED_AVAILABILITY = YES_AGGRESSIVE;
				CLANG_WARN_UNREACHABLE_CODE = YES;
				CLANG_WARN__DUPLICATE_METHOD_MATCH = YES;
				COPY_PHASE_STRIP = NO;
				DEBUG_INFORMATION_FORMAT = "dwarf-with-dsym";
				ENABLE_NS_ASSERTIONS = NO;
				ENABLE_STRICT_OBJC_MSGSEND = YES;
				GCC_C_LANGUAGE_STANDARD = gnu11;
				GCC_NO_COMMON_BLOCKS = YES;
				GCC_WARN_64_TO_32_BIT_CONVERSION = YES;
				GCC_WARN_ABOUT_RETURN_TYPE = YES_ERROR;
				GCC_WARN_UNDECLARED_SELECTOR = YES;
				GCC_WARN_UNINITIALIZED_AUTOS = YES_AGGRESSIVE;
				GCC_WARN_UNUSED_FUNCTION = YES;
				GCC_WARN_UNUSED_VARIABLE = YES;
				MTL_ENABLE_DEBUG_INFO = NO;
				MTL_FAST_MATH = YES;
				SWIFT_COMPILATION_MODE = wholemodule;
				SWIFT_OPTIMIZATION_LEVEL = "-O";
			};
			name = Release;
		};
		B8446B8D25DB21FE00E075A5 /* Debug */ = {
			isa = XCBuildConfiguration;
			buildSettings = {
				ASSETCATALOG_COMPILER_APPICON_NAME = AppIcon;
				ASSETCATALOG_COMPILER_GLOBAL_ACCENT_COLOR_NAME = AccentColor;
				CODE_SIGN_STYLE = Automatic;
				DEVELOPMENT_TEAM = GPM4PVH4B9;
				ENABLE_PREVIEWS = YES;
				INFOPLIST_FILE = iOS/Info.plist;
				IPHONEOS_DEPLOYMENT_TARGET = 14.0;
				LD_RUNPATH_SEARCH_PATHS = (
					"$(inherited)",
					"@executable_path/Frameworks",
				);
				PRODUCT_BUNDLE_IDENTIFIER = uk.co.lukebettridge.nelson;
				PRODUCT_NAME = nelson;
				SDKROOT = iphoneos;
				SWIFT_VERSION = 5.0;
				TARGETED_DEVICE_FAMILY = "1,2";
			};
			name = Debug;
		};
		B8446B8E25DB21FE00E075A5 /* Release */ = {
			isa = XCBuildConfiguration;
			buildSettings = {
				ASSETCATALOG_COMPILER_APPICON_NAME = AppIcon;
				ASSETCATALOG_COMPILER_GLOBAL_ACCENT_COLOR_NAME = AccentColor;
				CODE_SIGN_STYLE = Automatic;
				DEVELOPMENT_TEAM = GPM4PVH4B9;
				ENABLE_PREVIEWS = YES;
				INFOPLIST_FILE = iOS/Info.plist;
				IPHONEOS_DEPLOYMENT_TARGET = 14.0;
				LD_RUNPATH_SEARCH_PATHS = (
					"$(inherited)",
					"@executable_path/Frameworks",
				);
				PRODUCT_BUNDLE_IDENTIFIER = uk.co.lukebettridge.nelson;
				PRODUCT_NAME = nelson;
				SDKROOT = iphoneos;
				SWIFT_VERSION = 5.0;
				TARGETED_DEVICE_FAMILY = "1,2";
				VALIDATE_PRODUCT = YES;
			};
			name = Release;
		};
		B8446B9025DB21FE00E075A5 /* Debug */ = {
			isa = XCBuildConfiguration;
			buildSettings = {
				ASSETCATALOG_COMPILER_APPICON_NAME = AppIcon;
				ASSETCATALOG_COMPILER_GLOBAL_ACCENT_COLOR_NAME = AccentColor;
				CODE_SIGN_ENTITLEMENTS = macOS/macOS.entitlements;
				CODE_SIGN_STYLE = Automatic;
				COMBINE_HIDPI_IMAGES = YES;
				DEVELOPMENT_TEAM = GPM4PVH4B9;
				ENABLE_HARDENED_RUNTIME = YES;
				ENABLE_PREVIEWS = YES;
				INFOPLIST_FILE = macOS/Info.plist;
				LD_RUNPATH_SEARCH_PATHS = (
					"$(inherited)",
					"@executable_path/../Frameworks",
				);
				MACOSX_DEPLOYMENT_TARGET = 11.0;
				PRODUCT_BUNDLE_IDENTIFIER = uk.co.lukebettridge.nelson;
				PRODUCT_NAME = nelson;
				SDKROOT = macosx;
				SWIFT_VERSION = 5.0;
			};
			name = Debug;
		};
		B8446B9125DB21FE00E075A5 /* Release */ = {
			isa = XCBuildConfiguration;
			buildSettings = {
				ASSETCATALOG_COMPILER_APPICON_NAME = AppIcon;
				ASSETCATALOG_COMPILER_GLOBAL_ACCENT_COLOR_NAME = AccentColor;
				CODE_SIGN_ENTITLEMENTS = macOS/macOS.entitlements;
				CODE_SIGN_STYLE = Automatic;
				COMBINE_HIDPI_IMAGES = YES;
				DEVELOPMENT_TEAM = GPM4PVH4B9;
				ENABLE_HARDENED_RUNTIME = YES;
				ENABLE_PREVIEWS = YES;
				INFOPLIST_FILE = macOS/Info.plist;
				LD_RUNPATH_SEARCH_PATHS = (
					"$(inherited)",
					"@executable_path/../Frameworks",
				);
				MACOSX_DEPLOYMENT_TARGET = 11.0;
				PRODUCT_BUNDLE_IDENTIFIER = uk.co.lukebettridge.nelson;
				PRODUCT_NAME = nelson;
				SDKROOT = macosx;
				SWIFT_VERSION = 5.0;
			};
			name = Release;
		};
/* End XCBuildConfiguration section */

/* Begin XCConfigurationList section */
		B8446B6825DB21FC00E075A5 /* Build configuration list for PBXProject "nelson" */ = {
			isa = XCConfigurationList;
			buildConfigurations = (
				B8446B8A25DB21FE00E075A5 /* Debug */,
				B8446B8B25DB21FE00E075A5 /* Release */,
			);
			defaultConfigurationIsVisible = 0;
			defaultConfigurationName = Release;
		};
		B8446B8C25DB21FE00E075A5 /* Build configuration list for PBXNativeTarget "nelson (iOS)" */ = {
			isa = XCConfigurationList;
			buildConfigurations = (
				B8446B8D25DB21FE00E075A5 /* Debug */,
				B8446B8E25DB21FE00E075A5 /* Release */,
			);
			defaultConfigurationIsVisible = 0;
			defaultConfigurationName = Release;
		};
		B8446B8F25DB21FE00E075A5 /* Build configuration list for PBXNativeTarget "nelson (macOS)" */ = {
			isa = XCConfigurationList;
			buildConfigurations = (
				B8446B9025DB21FE00E075A5 /* Debug */,
				B8446B9125DB21FE00E075A5 /* Release */,
			);
			defaultConfigurationIsVisible = 0;
			defaultConfigurationName = Release;
		};
/* End XCConfigurationList section */

/* Begin XCVersionGroup section */
		B8446B6A25DB21FC00E075A5 /* nelson.xcdatamodeld */ = {
			isa = XCVersionGroup;
			children = (
				B8446B6B25DB21FC00E075A5 /* Shared.xcdatamodel */,
			);
			currentVersion = B8446B6B25DB21FC00E075A5 /* Shared.xcdatamodel */;
			path = nelson.xcdatamodeld;
			sourceTree = "<group>";
			versionGroupType = wrapper.xcdatamodel;
		};
/* End XCVersionGroup section */
	};
	rootObject = B8446B6525DB21FC00E075A5 /* Project object */;
}
